
Microsoft Visual Studio Solution File, Format Version 12.00
# Visual Studio 14
VisualStudioVersion = 14.0.25420.1
MinimumVisualStudioVersion = 10.0.40219.1
Project("{FAE04EC0-301F-11D3-BF4B-00C04F79EFBC}") = "Oblicz_Makro_składniki", "Oblicz_Makro_składniki\Oblicz_Makro_składniki.csproj", "{277259DD-3BDA-4C2F-8FC4-56E9CD5FABE8}"
EndProject
Project("{FAE04EC0-301F-11D3-BF4B-00C04F79EFBC}") = "Makro_składniki_test", "Makro_składniki_test\Makro_składniki_test.csproj", "{43F2DC1D-EAE3-4090-93E2-0A3A9D5EC497}"
EndProject
Global
	GlobalSection(SolutionConfigurationPlatforms) = preSolution
		Debug|Any CPU = Debug|Any CPU
		Release|Any CPU = Release|Any CPU
	EndGlobalSection
	GlobalSection(ProjectConfigurationPlatforms) = postSolution
		{277259DD-3BDA-4C2F-8FC4-56E9CD5FABE8}.Debug|Any CPU.ActiveCfg = Debug|Any CPU
		{277259DD-3BDA-4C2F-8FC4-56E9CD5FABE8}.Debug|Any CPU.Build.0 = Debug|Any CPU
		{277259DD-3BDA-4C2F-8FC4-56E9CD5FABE8}.Release|Any CPU.ActiveCfg = Release|Any CPU
		{277259DD-3BDA-4C2F-8FC4-56E9CD5FABE8}.Release|Any CPU.Build.0 = Release|Any CPU
		{43F2DC1D-EAE3-4090-93E2-0A3A9D5EC497}.Debug|Any CPU.ActiveCfg = Debug|Any CPU
		{43F2DC1D-EAE3-4090-93E2-0A3A9D5EC497}.Debug|Any CPU.Build.0 = Debug|Any CPU
		{43F2DC1D-EAE3-4090-93E2-0A3A9D5EC497}.Release|Any CPU.ActiveCfg = Release|Any CPU
		{43F2DC1D-EAE3-4090-93E2-0A3A9D5EC497}.Release|Any CPU.Build.0 = Release|Any CPU
	EndGlobalSection
	GlobalSection(SolutionProperties) = preSolution
		HideSolutionNode = FALSE
	EndGlobalSection
EndGlobal
